
Microsoft Visual Studio Solution File, Format Version 12.00
Project("{FAE04EC0-301F-11D3-BF4B-00C04F79EFBC}") = "TravelAgency.Service", "TravelAgency.Service\TravelAgency.Service.csproj", "{62227C54-60A6-4382-8AD9-1C5B06DD99C7}"
EndProject
Project("{FAE04EC0-301F-11D3-BF4B-00C04F79EFBC}") = "TravelAgency.DataAccess", "TravelAgency.DataAccess\TravelAgency.DataAccess.csproj", "{8DB757E5-C305-438B-88EF-5891D38E8CDA}"
EndProject
Global
	GlobalSection(SolutionConfigurationPlatforms) = preSolution
		Debug|Any CPU = Debug|Any CPU
		Release|Any CPU = Release|Any CPU
	EndGlobalSection
	GlobalSection(ProjectConfigurationPlatforms) = postSolution
		{62227C54-60A6-4382-8AD9-1C5B06DD99C7}.Debug|Any CPU.ActiveCfg = Debug|Any CPU
		{62227C54-60A6-4382-8AD9-1C5B06DD99C7}.Debug|Any CPU.Build.0 = Debug|Any CPU
		{62227C54-60A6-4382-8AD9-1C5B06DD99C7}.Release|Any CPU.ActiveCfg = Release|Any CPU
		{62227C54-60A6-4382-8AD9-1C5B06DD99C7}.Release|Any CPU.Build.0 = Release|Any CPU
		{8DB757E5-C305-438B-88EF-5891D38E8CDA}.Debug|Any CPU.ActiveCfg = Debug|Any CPU
		{8DB757E5-C305-438B-88EF-5891D38E8CDA}.Debug|Any CPU.Build.0 = Debug|Any CPU
		{8DB757E5-C305-438B-88EF-5891D38E8CDA}.Release|Any CPU.ActiveCfg = Release|Any CPU
		{8DB757E5-C305-438B-88EF-5891D38E8CDA}.Release|Any CPU.Build.0 = Release|Any CPU
	EndGlobalSection
EndGlobal
